
Microsoft Visual Studio Solution File, Format Version 12.00
# Visual Studio Version 17
VisualStudioVersion = 17.14.36915.13 d17.14
MinimumVisualStudioVersion = 10.0.40219.1
Project("{FAE04EC0-301F-11D3-BF4B-00C04F79EFBC}") = "Modulos.API", "Modulos.API\Modulos.API.csproj", "{6C263A29-0AE9-4F1B-9A32-A3E85F0E8FB2}"
EndProject
Project("{FAE04EC0-301F-11D3-BF4B-00C04F79EFBC}") = "Modulos.Client", "Modulos.Client\Modulos.Client.csproj", "{12474725-E392-45F6-8B38-A75B94C609ED}"
EndProject
Global
	GlobalSection(SolutionConfigurationPlatforms) = preSolution
		Debug|Any CPU = Debug|Any CPU
		Release|Any CPU = Release|Any CPU
	EndGlobalSection
	GlobalSection(ProjectConfigurationPlatforms) = postSolution
		{6C263A29-0AE9-4F1B-9A32-A3E85F0E8FB2}.Debug|Any CPU.ActiveCfg = Debug|Any CPU
		{6C263A29-0AE9-4F1B-9A32-A3E85F0E8FB2}.Debug|Any CPU.Build.0 = Debug|Any CPU
		{6C263A29-0AE9-4F1B-9A32-A3E85F0E8FB2}.Release|Any CPU.ActiveCfg = Release|Any CPU
		{6C263A29-0AE9-4F1B-9A32-A3E85F0E8FB2}.Release|Any CPU.Build.0 = Release|Any CPU
		{12474725-E392-45F6-8B38-A75B94C609ED}.Debug|Any CPU.ActiveCfg = Debug|Any CPU
		{12474725-E392-45F6-8B38-A75B94C609ED}.Debug|Any CPU.Build.0 = Debug|Any CPU
		{12474725-E392-45F6-8B38-A75B94C609ED}.Release|Any CPU.ActiveCfg = Release|Any CPU
		{12474725-E392-45F6-8B38-A75B94C609ED}.Release|Any CPU.Build.0 = Release|Any CPU
	EndGlobalSection
	GlobalSection(SolutionProperties) = preSolution
		HideSolutionNode = FALSE
	EndGlobalSection
	GlobalSection(ExtensibilityGlobals) = postSolution
		SolutionGuid = {97A29BB2-7902-4852-9CB6-A1286D90159B}
	EndGlobalSection
EndGlobal
